
Microsoft Visual Studio Solution File, Format Version 12.00
# Visual Studio Version 16
VisualStudioVersion = 25.0.1706.7
MinimumVisualStudioVersion = 10.0.40219.1
Project("{FAE04EC0-301F-11D3-BF4B-00C04F79EFBC}") = "MauiDrawer", "MauiDrawer\MauiDrawer.csproj", "{C3ED6C8E-641F-4AD0-B090-816868DFC85A}"
EndProject
Global
	GlobalSection(SolutionConfigurationPlatforms) = preSolution
		Debug|Any CPU = Debug|Any CPU
		Release|Any CPU = Release|Any CPU
	EndGlobalSection
	GlobalSection(ProjectConfigurationPlatforms) = postSolution
		{C3ED6C8E-641F-4AD0-B090-816868DFC85A}.Debug|Any CPU.ActiveCfg = Debug|Any CPU
		{C3ED6C8E-641F-4AD0-B090-816868DFC85A}.Debug|Any CPU.Build.0 = Debug|Any CPU
		{C3ED6C8E-641F-4AD0-B090-816868DFC85A}.Release|Any CPU.ActiveCfg = Release|Any CPU
		{C3ED6C8E-641F-4AD0-B090-816868DFC85A}.Release|Any CPU.Build.0 = Release|Any CPU
	EndGlobalSection
	GlobalSection(SolutionProperties) = preSolution
		HideSolutionNode = FALSE
	EndGlobalSection
	GlobalSection(ExtensibilityGlobals) = postSolution
		SolutionGuid = {E3F910E2-2904-4059-9369-543EAFBB01AE}
	EndGlobalSection
EndGlobal
